{
    "evenement/evenement": {
        "version": "v3.0.1"
    },
    "guzzlehttp/psr7": {
        "version": "1.7.0"
    },
    "jaggedsoft/php-binance-api": {
        "version": "dev-master"
    },
    "php": {
        "version": "7.4"
    },
    "psr/http-message": {
        "version": "1.0.1"
    },
    "ralouphie/getallheaders": {
        "version": "3.0.3"
    },
    "ratchet/pawl": {
        "version": "v0.3.4"
    },
    "ratchet/rfc6455": {
        "version": "v0.2.6"
    },
    "react/cache": {
        "version": "v1.1.0"
    },
    "react/dns": {
        "version": "v1.4.0"
    },
    "react/event-loop": {
        "version": "v1.1.1"
    },
    "react/promise": {
        "version": "v2.8.0"
    },
    "react/promise-timer": {
        "version": "v1.6.0"
    },
    "react/socket": {
        "version": "v1.6.0"
    },
    "react/stream": {
        "version": "v1.1.1"
    },
    "symfony/webpack-encore-bundle": {
        "version": "1.6",
        "recipe": {
            "repo": "github.com/symfony/recipes",
            "branch": "master",
            "version": "1.6",
            "ref": "69e1d805ad95964088bd510c05995e87dc391564"
        },
        "files": [
            "assets/app.js",
            "assets/styles/app.css",
            "config/packages/assets.yaml",
            "config/packages/prod/webpack_encore.yaml",
            "config/packages/test/webpack_encore.yaml",
            "config/packages/webpack_encore.yaml",
            "package.json",
            "webpack.config.js"
        ]
    }
}
